// !$*UTF8*$!
{
	archiveVersion = 1;
	classes = {
	};
	objectVersion = 46;
	objects = {

/* Begin PBXBuildFile section */
		F5D5BF2D1B1BBB8D008B23FA /* HelloWorld.h in CopyFiles */ = {isa = PBXBuildFile; fileRef = F5D5BF2C1B1BBB8D008B23FA /* HelloWorld.h */; };
		F5D5BF2F1B1BBB8D008B23FA /* HelloWorld.m in Sources */ = {isa = PBXBuildFile; fileRef = F5D5BF2E1B1BBB8D008B23FA /* HelloWorld.m */; };
		F5D5BF351B1BBB8D008B23FA /* libHelloWorld.a in Frameworks */ = {isa = PBXBuildFile; fileRef = F5D5BF291B1BBB8D008B23FA /* libHelloWorld.a */; };
		F5D5BF441B1BBBED008B23FA /* HelloWorldTests.m in Sources */ = {isa = PBXBuildFile; fileRef = F5D5BF431B1BBBED008B23FA /* HelloWorldTests.m */; };
/* End PBXBuildFile section */

/* Begin PBXContainerItemProxy section */
		F5D5BF361B1BBB8D008B23FA /* PBXContainerItemProxy */ = {
			isa = PBXContainerItemProxy;
			containerPortal = F5D5BF211B1BBB8D008B23FA /* Project object */;
			proxyType = 1;
			remoteGlobalIDString = F5D5BF281B1BBB8D008B23FA;
			remoteInfo = HelloWorld;
		};
/* End PBXContainerItemProxy section */

/* Begin PBXCopyFilesBuildPhase section */
		F5D5BF271B1BBB8D008B23FA /* CopyFiles */ = {
			isa = PBXCopyFilesBuildPhase;
			buildActionMask = 2147483647;
			dstPath = "include/$(PRODUCT_NAME)";
			dstSubfolderSpec = 16;
			files = (
				F5D5BF2D1B1BBB8D008B23FA /* HelloWorld.h in CopyFiles */,
			);
			runOnlyForDeploymentPostprocessing = 0;
		};
/* End PBXCopyFilesBuildPhase section */

/* Begin PBXFileReference section */
		F5D5BF291B1BBB8D008B23FA /* libHelloWorld.a */ = {isa = PBXFileReference; explicitFileType = archive.ar; includeInIndex = 0; path = libHelloWorld.a; sourceTree = BUILT_PRODUCTS_DIR; };
		F5D5BF2C1B1BBB8D008B23FA /* HelloWorld.h */ = {isa = PBXFileReference; lastKnownFileType = sourcecode.c.h; path = HelloWorld.h; sourceTree = "<group>"; };
		F5D5BF2E1B1BBB8D008B23FA /* HelloWorld.m */ = {isa = PBXFileReference; lastKnownFileType = sourcecode.c.objc; path = HelloWorld.m; sourceTree = "<group>"; };
		F5D5BF341B1BBB8D008B23FA /* HelloWorldTests.xctest */ = {isa = PBXFileReference; explicitFileType = wrapper.cfbundle; includeInIndex = 0; path = HelloWorldTests.xctest; sourceTree = BUILT_PRODUCTS_DIR; };
		F5D5BF3A1B1BBB8D008B23FA /* Info.plist */ = {isa = PBXFileReference; lastKnownFileType = text.plist.xml; path = Info.plist; sourceTree = "<group>"; };
		F5D5BF431B1BBBED008B23FA /* HelloWorldTests.m */ = {isa = PBXFileReference; fileEncoding = 4; lastKnownFileType = sourcecode.c.objc; path = HelloWorldTests.m; sourceTree = "<group>"; };
/* End PBXFileReference section */

/* Begin PBXFrameworksBuildPhase section */
		F5D5BF261B1BBB8D008B23FA /* Frameworks */ = {
			isa = PBXFrameworksBuildPhase;
			buildActionMask = 2147483647;
			files = (
			);
			runOnlyForDeploymentPostprocessing = 0;
		};
		F5D5BF311B1BBB8D008B23FA /* Frameworks */ = {
			isa = PBXFrameworksBuildPhase;
			buildActionMask = 2147483647;
			files = (
				F5D5BF351B1BBB8D008B23FA /* libHelloWorld.a in Frameworks */,
			);
			runOnlyForDeploymentPostprocessing = 0;
		};
/* End PBXFrameworksBuildPhase section */

/* Begin PBXGroup section */
		F5D5BF201B1BBB8D008B23FA = {
			isa = PBXGroup;
			children = (
				F5D5BF2B1B1BBB8D008B23FA /* HelloWorld */,
				F5D5BF381B1BBB8D008B23FA /* HelloWorldTests */,
				F5D5BF2A1B1BBB8D008B23FA /* Products */,
			);
			sourceTree = "<group>";
		};
		F5D5BF2A1B1BBB8D008B23FA /* Products */ = {
			isa = PBXGroup;
			children = (
				F5D5BF291B1BBB8D008B23FA /* libHelloWorld.a */,
				F5D5BF341B1BBB8D008B23FA /* HelloWorldTests.xctest */,
			);
			name = Products;
			sourceTree = "<group>";
		};
		F5D5BF2B1B1BBB8D008B23FA /* HelloWorld */ = {
			isa = PBXGroup;
			children = (
				F5D5BF2C1B1BBB8D008B23FA /* HelloWorld.h */,
				F5D5BF2E1B1BBB8D008B23FA /* HelloWorld.m */,
			);
			path = HelloWorld;
			sourceTree = "<group>";
		};
		F5D5BF381B1BBB8D008B23FA /* HelloWorldTests */ = {
			isa = PBXGroup;
			children = (
				F5D5BF391B1BBB8D008B23FA /* Supporting Files */,
				F5D5BF431B1BBBED008B23FA /* HelloWorldTests.m */,
			);
			path = HelloWorldTests;
			sourceTree = "<group>";
		};
		F5D5BF391B1BBB8D008B23FA /* Supporting Files */ = {
			isa = PBXGroup;
			children = (
				F5D5BF3A1B1BBB8D008B23FA /* Info.plist */,
			);
			name = "Supporting Files";
			sourceTree = "<group>";
		};
/* End PBXGroup section */

/* Begin PBXNativeTarget section */
		F5D5BF281B1BBB8D008B23FA /* HelloWorld */ = {
			isa = PBXNativeTarget;
			buildConfigurationList = F5D5BF3D1B1BBB8D008B23FA /* Build configuration list for PBXNativeTarget "HelloWorld" */;
			buildPhases = (
				F5D5BF251B1BBB8D008B23FA /* Sources */,
				F5D5BF261B1BBB8D008B23FA /* Frameworks */,
				F5D5BF271B1BBB8D008B23FA /* CopyFiles */,
			);
			buildRules = (
			);
			dependencies = (
			);
			name = HelloWorld;
			productName = HelloWorld;
			productReference = F5D5BF291B1BBB8D008B23FA /* libHelloWorld.a */;
			productType = "com.apple.product-type.library.static";
		};
		F5D5BF331B1BBB8D008B23FA /* HelloWorldTests */ = {
			isa = PBXNativeTarget;
			buildConfigurationList = F5D5BF401B1BBB8D008B23FA /* Build configuration list for PBXNativeTarget "HelloWorldTests" */;
			buildPhases = (
				F5D5BF301B1BBB8D008B23FA /* Sources */,
				F5D5BF311B1BBB8D008B23FA /* Frameworks */,
				F5D5BF321B1BBB8D008B23FA /* Resources */,
			);
			buildRules = (
			);
			dependencies = (
				F5D5BF371B1BBB8D008B23FA /* PBXTargetDependency */,
			);
			name = HelloWorldTests;
			productName = HelloWorldTests;
			productReference = F5D5BF341B1BBB8D008B23FA /* HelloWorldTests.xctest */;
			productType = "com.apple.product-type.bundle.unit-test";
		};
/* End PBXNativeTarget section */

/* Begin PBXProject section */
		F5D5BF211B1BBB8D008B23FA /* Project object */ = {
			isa = PBXProject;
			attributes = {
				LastUpgradeCheck = 0630;
				ORGANIZATIONNAME = GergelyOrosz;
				TargetAttributes = {
					F5D5BF281B1BBB8D008B23FA = {
						CreatedOnToolsVersion = 6.3.2;
					};
					F5D5BF331B1BBB8D008B23FA = {
						CreatedOnToolsVersion = 6.3.2;
					};
				};
			};
			buildConfigurationList = F5D5BF241B1BBB8D008B23FA /* Build configuration list for PBXProject "HelloWorld" */;
			compatibilityVersion = "Xcode 3.2";
			developmentRegion = English;
			hasScannedForEncodings = 0;
			knownRegions = (
				en,
			);
			mainGroup = F5D5BF201B1BBB8D008B23FA;
			productRefGroup = F5D5BF2A1B1BBB8D008B23FA /* Products */;
			projectDirPath = "";
			projectRoot = "";
			targets = (
				F5D5BF281B1BBB8D008B23FA /* HelloWorld */,
				F5D5BF331B1BBB8D008B23FA /* HelloWorldTests */,
			);
		};
/* End PBXProject section */

/* Begin PBXResourcesBuildPhase section */
		F5D5BF321B1BBB8D008B23FA /* Resources */ = {
			isa = PBXResourcesBuildPhase;
			buildActionMask = 2147483647;
			files = (
			);
			runOnlyForDeploymentPostprocessing = 0;
		};
/* End PBXResourcesBuildPhase section */

/* Begin PBXSourcesBuildPhase section */
		F5D5BF251B1BBB8D008B23FA /* Sources */ = {
			isa = PBXSourcesBuildPhase;
			buildActionMask = 2147483647;
			files = (
				F5D5BF2F1B1BBB8D008B23FA /* HelloWorld.m in Sources */,
			);
			runOnlyForDeploymentPostprocessing = 0;
		};
		F5D5BF301B1BBB8D008B23FA /* Sources */ = {
			isa = PBXSourcesBuildPhase;
			buildActionMask = 2147483647;
			files = (
				F5D5BF441B1BBBED008B23FA /* HelloWorldTests.m in Sources */,
			);
			runOnlyForDeploymentPostprocessing = 0;
		};
/* End PBXSourcesBuildPhase section */

/* Begin PBXTargetDependency section */
		F5D5BF371B1BBB8D008B23FA /* PBXTargetDependency */ = {
			isa = PBXTargetDependency;
			target = F5D5BF281B1BBB8D008B23FA /* HelloWorld */;
			targetProxy = F5D5BF361B1BBB8D008B23FA /* PBXContainerItemProxy */;
		};
/* End PBXTargetDependency section */

/* Begin XCBuildConfiguration section */
		F5D5BF3B1B1BBB8D008B23FA /* Debug */ = {
			isa = XCBuildConfiguration;
			buildSettings = {
				ALWAYS_SEARCH_USER_PATHS = NO;
				CLANG_CXX_LANGUAGE_STANDARD = "gnu++0x";
				CLANG_CXX_LIBRARY = "libc++";
				CLANG_ENABLE_MODULES = YES;
				CLANG_ENABLE_OBJC_ARC = YES;
				CLANG_WARN_BOOL_CONVERSION = YES;
				CLANG_WARN_CONSTANT_CONVERSION = YES;
				CLANG_WARN_DIRECT_OBJC_ISA_USAGE = YES_ERROR;
				CLANG_WARN_EMPTY_BODY = YES;
				CLANG_WARN_ENUM_CONVERSION = YES;
				CLANG_WARN_INT_CONVERSION = YES;
				CLANG_WARN_OBJC_ROOT_CLASS = YES_ERROR;
				CLANG_WARN_UNREACHABLE_CODE = YES;
				CLANG_WARN__DUPLICATE_METHOD_MATCH = YES;
				COPY_PHASE_STRIP = NO;
				DEBUG_INFORMATION_FORMAT = "dwarf-with-dsym";
				ENABLE_STRICT_OBJC_MSGSEND = YES;
				GCC_C_LANGUAGE_STANDARD = gnu99;
				GCC_DYNAMIC_NO_PIC = NO;
				GCC_NO_COMMON_BLOCKS = YES;
				GCC_OPTIMIZATION_LEVEL = 0;
				GCC_PREPROCESSOR_DEFINITIONS = (
					"DEBUG=1",
					"$(inherited)",
				);
				GCC_SYMBOLS_PRIVATE_EXTERN = NO;
				GCC_WARN_64_TO_32_BIT_CONVERSION = YES;
				GCC_WARN_ABOUT_RETURN_TYPE = YES_ERROR;
				GCC_WARN_UNDECLARED_SELECTOR = YES;
				GCC_WARN_UNINITIALIZED_AUTOS = YES_AGGRESSIVE;
				GCC_WARN_UNUSED_FUNCTION = YES;
				GCC_WARN_UNUSED_VARIABLE = YES;
				IPHONEOS_DEPLOYMENT_TARGET = 8.3;
				MTL_ENABLE_DEBUG_INFO = YES;
				ONLY_ACTIVE_ARCH = YES;
				SDKROOT = iphoneos;
			};
			name = Debug;
		};
		F5D5BF3C1B1BBB8D008B23FA /* Release */ = {
			isa = XCBuildConfiguration;
			buildSettings = {
				ALWAYS_SEARCH_USER_PATHS = NO;
				CLANG_CXX_LANGUAGE_STANDARD = "gnu++0x";
				CLANG_CXX_LIBRARY = "libc++";
				CLANG_ENABLE_MODULES = YES;
				CLANG_ENABLE_OBJC_ARC = YES;
				CLANG_WARN_BOOL_CONVERSION = YES;
				CLANG_WARN_CONSTANT_CONVERSION = YES;
				CLANG_WARN_DIRECT_OBJC_ISA_USAGE = YES_ERROR;
				CLANG_WARN_EMPTY_BODY = YES;
				CLANG_WARN_ENUM_CONVERSION = YES;
				CLANG_WARN_INT_CONVERSION = YES;
				CLANG_WARN_OBJC_ROOT_CLASS = YES_ERROR;
				CLANG_WARN_UNREACHABLE_CODE = YES;
				CLANG_WARN__DUPLICATE_METHOD_MATCH = YES;
				COPY_PHASE_STRIP = NO;
				DEBUG_INFORMATION_FORMAT = "dwarf-with-dsym";
				ENABLE_NS_ASSERTIONS = NO;
				ENABLE_STRICT_OBJC_MSGSEND = YES;
				GCC_C_LANGUAGE_STANDARD = gnu99;
				GCC_NO_COMMON_BLOCKS = YES;
				GCC_WARN_64_TO_32_BIT_CONVERSION = YES;
				GCC_WARN_ABOUT_RETURN_TYPE = YES_ERROR;
				GCC_WARN_UNDECLARED_SELECTOR = YES;
				GCC_WARN_UNINITIALIZED_AUTOS = YES_AGGRESSIVE;
				GCC_WARN_UNUSED_FUNCTION = YES;
				GCC_WARN_UNUSED_VARIABLE = YES;
				IPHONEOS_DEPLOYMENT_TARGET = 8.3;
				MTL_ENABLE_DEBUG_INFO = NO;
				SDKROOT = iphoneos;
				VALIDATE_PRODUCT = YES;
			};
			name = Release;
		};
		F5D5BF3E1B1BBB8D008B23FA /* Debug */ = {
			isa = XCBuildConfiguration;
			buildSettings = {
				GCC_GENERATE_TEST_COVERAGE_FILES = YES;
				GCC_INSTRUMENT_PROGRAM_FLOW_ARCS = YES;
				IPHONEOS_DEPLOYMENT_TARGET = 8.1;
				OTHER_LDFLAGS = "-ObjC";
				PRODUCT_NAME = "$(TARGET_NAME)";
				SKIP_INSTALL = YES;
			};
			name = Debug;
		};
		F5D5BF3F1B1BBB8D008B23FA /* Release */ = {
			isa = XCBuildConfiguration;
			buildSettings = {
				GCC_GENERATE_TEST_COVERAGE_FILES = YES;
				GCC_INSTRUMENT_PROGRAM_FLOW_ARCS = YES;
				IPHONEOS_DEPLOYMENT_TARGET = 8.1;
				OTHER_LDFLAGS = "-ObjC";
				PRODUCT_NAME = "$(TARGET_NAME)";
				SKIP_INSTALL = YES;
			};
			name = Release;
		};
		F5D5BF411B1BBB8D008B23FA /* Debug */ = {
			isa = XCBuildConfiguration;
			buildSettings = {
				"CODE_SIGN_IDENTITY[sdk=iphoneos*]" = "iPhone Developer";
				FRAMEWORK_SEARCH_PATHS = (
					"$(SDKROOT)/Developer/Library/Frameworks",
					"$(inherited)",
				);
				GCC_PREPROCESSOR_DEFINITIONS = (
					"DEBUG=1",
					"$(inherited)",
				);
				INFOPLIST_FILE = HelloWorldTests/Info.plist;
				LD_RUNPATH_SEARCH_PATHS = "$(inherited) @executable_path/Frameworks @loader_path/Frameworks";
				PRODUCT_NAME = "$(TARGET_NAME)";
			};
			name = Debug;
		};
		F5D5BF421B1BBB8D008B23FA /* Release */ = {
			isa = XCBuildConfiguration;
			buildSettings = {
				"CODE_SIGN_IDENTITY[sdk=iphoneos*]" = "iPhone Developer";
				FRAMEWORK_SEARCH_PATHS = (
					"$(SDKROOT)/Developer/Library/Frameworks",
					"$(inherited)",
				);
				INFOPLIST_FILE = HelloWorldTests/Info.plist;
				LD_RUNPATH_SEARCH_PATHS = "$(inherited) @executable_path/Frameworks @loader_path/Frameworks";
				PRODUCT_NAME = "$(TARGET_NAME)";
			};
			name = Release;
		};
/* End XCBuildConfiguration section */

/* Begin XCConfigurationList section */
		F5D5BF241B1BBB8D008B23FA /* Build configuration list for PBXProject "HelloWorld" */ = {
			isa = XCConfigurationList;
			buildConfigurations = (
				F5D5BF3B1B1BBB8D008B23FA /* Debug */,
				F5D5BF3C1B1BBB8D008B23FA /* Release */,
			);
			defaultConfigurationIsVisible = 0;
			defaultConfigurationName = Release;
		};
		F5D5BF3D1B1BBB8D008B23FA /* Build configuration list for PBXNativeTarget "HelloWorld" */ = {
			isa = XCConfigurationList;
			buildConfigurations = (
				F5D5BF3E1B1BBB8D008B23FA /* Debug */,
				F5D5BF3F1B1BBB8D008B23FA /* Release */,
			);
			defaultConfigurationIsVisible = 0;
			defaultConfigurationName = Release;
		};
		F5D5BF401B1BBB8D008B23FA /* Build configuration list for PBXNativeTarget "HelloWorldTests" */ = {
			isa = XCConfigurationList;
			buildConfigurations = (
				F5D5BF411B1BBB8D008B23FA /* Debug */,
				F5D5BF421B1BBB8D008B23FA /* Release */,
			);
			defaultConfigurationIsVisible = 0;
			defaultConfigurationName = Release;
		};
/* End XCConfigurationList section */
	};
	rootObject = F5D5BF211B1BBB8D008B23FA /* Project object */;
}
